
Microsoft Visual Studio Solution File, Format Version 12.00
# Visual Studio Version 17
VisualStudioVersion = 17.10.35122.118
MinimumVisualStudioVersion = 10.0.40219.1
Project("{FAE04EC0-301F-11D3-BF4B-00C04F79EFBC}") = "CSharpEgitimKampi501", "CSharpEgitimKampi501\CSharpEgitimKampi501.csproj", "{033283B4-CAA9-43EE-A1B4-E940626C603A}"
EndProject
Global
	GlobalSection(SolutionConfigurationPlatforms) = preSolution
		Debug|Any CPU = Debug|Any CPU
		Release|Any CPU = Release|Any CPU
	EndGlobalSection
	GlobalSection(ProjectConfigurationPlatforms) = postSolution
		{033283B4-CAA9-43EE-A1B4-E940626C603A}.Debug|Any CPU.ActiveCfg = Debug|Any CPU
		{033283B4-CAA9-43EE-A1B4-E940626C603A}.Debug|Any CPU.Build.0 = Debug|Any CPU
		{033283B4-CAA9-43EE-A1B4-E940626C603A}.Release|Any CPU.ActiveCfg = Release|Any CPU
		{033283B4-CAA9-43EE-A1B4-E940626C603A}.Release|Any CPU.Build.0 = Release|Any CPU
	EndGlobalSection
	GlobalSection(SolutionProperties) = preSolution
		HideSolutionNode = FALSE
	EndGlobalSection
	GlobalSection(ExtensibilityGlobals) = postSolution
		SolutionGuid = {8516AC0A-1195-4788-8B81-65A9421DAB61}
	EndGlobalSection
EndGlobal
